
Microsoft Visual Studio Solution File, Format Version 12.00
# Visual Studio Version 17
VisualStudioVersion = 17.12.35527.113
MinimumVisualStudioVersion = 10.0.40219.1
Project("{FAE04EC0-301F-11D3-BF4B-00C04F79EFBC}") = "Silmoon.Templates", "Silmoon.Templates\Silmoon.Templates.csproj", "{64599D6B-06FB-475F-8754-22000D85AAAE}"
EndProject
Project("{2150E333-8FDC-42A3-9474-1A3956D46DE8}") = "解决方案项", "解决方案项", "{29432142-FE98-4E49-AAFB-83AC0541C4B5}"
	ProjectSection(SolutionItems) = preProject
		.gitattributes = .gitattributes
		.gitignore = .gitignore
		LICENSE.txt = LICENSE.txt
		README.md = README.md
	EndProjectSection
EndProject
Project("{FAE04EC0-301F-11D3-BF4B-00C04F79EFBC}") = "Silmoon.AspNetCore.FullFunctionTemplate", "Silmoon.Templates\content\Silmoon.AspNetCore.FullFunctionTemplate\Silmoon.AspNetCore.FullFunctionTemplate.csproj", "{9F1A125A-4B6B-4F90-A2D1-8E1101A0F184}"
EndProject
Global
	GlobalSection(SolutionConfigurationPlatforms) = preSolution
		Debug|Any CPU = Debug|Any CPU
		Release|Any CPU = Release|Any CPU
	EndGlobalSection
	GlobalSection(ProjectConfigurationPlatforms) = postSolution
		{64599D6B-06FB-475F-8754-22000D85AAAE}.Debug|Any CPU.ActiveCfg = Debug|Any CPU
		{64599D6B-06FB-475F-8754-22000D85AAAE}.Debug|Any CPU.Build.0 = Debug|Any CPU
		{64599D6B-06FB-475F-8754-22000D85AAAE}.Release|Any CPU.ActiveCfg = Release|Any CPU
		{64599D6B-06FB-475F-8754-22000D85AAAE}.Release|Any CPU.Build.0 = Release|Any CPU
		{9F1A125A-4B6B-4F90-A2D1-8E1101A0F184}.Debug|Any CPU.ActiveCfg = Debug|Any CPU
		{9F1A125A-4B6B-4F90-A2D1-8E1101A0F184}.Debug|Any CPU.Build.0 = Debug|Any CPU
		{9F1A125A-4B6B-4F90-A2D1-8E1101A0F184}.Release|Any CPU.ActiveCfg = Release|Any CPU
		{9F1A125A-4B6B-4F90-A2D1-8E1101A0F184}.Release|Any CPU.Build.0 = Release|Any CPU
	EndGlobalSection
	GlobalSection(SolutionProperties) = preSolution
		HideSolutionNode = FALSE
	EndGlobalSection
	GlobalSection(ExtensibilityGlobals) = postSolution
		SolutionGuid = {9C3D4649-8D1E-4B7E-8FDA-0EC5FDD3CACB}
	EndGlobalSection
EndGlobal
